
Microsoft Visual Studio Solution File, Format Version 12.00
# Visual Studio Version 17
VisualStudioVersion = 17.13.35825.156 d17.13
MinimumVisualStudioVersion = 10.0.40219.1
Project("{FAE04EC0-301F-11D3-BF4B-00C04F79EFBC}") = "MyClothingShop", "MyClothingShop.csproj", "{B79B89FF-3A6F-4657-B18F-29C01A11D383}"
EndProject
Global
	GlobalSection(SolutionConfigurationPlatforms) = preSolution
		Debug|Any CPU = Debug|Any CPU
		Release|Any CPU = Release|Any CPU
	EndGlobalSection
	GlobalSection(ProjectConfigurationPlatforms) = postSolution
		{B79B89FF-3A6F-4657-B18F-29C01A11D383}.Debug|Any CPU.ActiveCfg = Debug|Any CPU
		{B79B89FF-3A6F-4657-B18F-29C01A11D383}.Debug|Any CPU.Build.0 = Debug|Any CPU
		{B79B89FF-3A6F-4657-B18F-29C01A11D383}.Release|Any CPU.ActiveCfg = Release|Any CPU
		{B79B89FF-3A6F-4657-B18F-29C01A11D383}.Release|Any CPU.Build.0 = Release|Any CPU
	EndGlobalSection
	GlobalSection(SolutionProperties) = preSolution
		HideSolutionNode = FALSE
	EndGlobalSection
	GlobalSection(ExtensibilityGlobals) = postSolution
		SolutionGuid = {20750F9A-D8C0-46F6-A7A2-0B97706E7E03}
	EndGlobalSection
EndGlobal
