
Microsoft Visual Studio Solution File, Format Version 12.00
# Visual Studio Version 17
VisualStudioVersion = 17.11.35222.181
MinimumVisualStudioVersion = 10.0.40219.1
Project("{FAE04EC0-301F-11D3-BF4B-00C04F79EFBC}") = "ClothingShop", "ClothingShop.csproj", "{127EF101-0109-4CF8-BDDB-744DDED35837}"
EndProject
Global
	GlobalSection(SolutionConfigurationPlatforms) = preSolution
		Debug|Any CPU = Debug|Any CPU
		Release|Any CPU = Release|Any CPU
	EndGlobalSection
	GlobalSection(ProjectConfigurationPlatforms) = postSolution
		{127EF101-0109-4CF8-BDDB-744DDED35837}.Debug|Any CPU.ActiveCfg = Debug|Any CPU
		{127EF101-0109-4CF8-BDDB-744DDED35837}.Debug|Any CPU.Build.0 = Debug|Any CPU
		{127EF101-0109-4CF8-BDDB-744DDED35837}.Release|Any CPU.ActiveCfg = Release|Any CPU
		{127EF101-0109-4CF8-BDDB-744DDED35837}.Release|Any CPU.Build.0 = Release|Any CPU
	EndGlobalSection
	GlobalSection(SolutionProperties) = preSolution
		HideSolutionNode = FALSE
	EndGlobalSection
	GlobalSection(ExtensibilityGlobals) = postSolution
		SolutionGuid = {899CF25F-B680-454D-BC83-7EB948D1DAB2}
	EndGlobalSection
EndGlobal
